
Microsoft Visual Studio Solution File, Format Version 12.00
# Visual Studio 14
VisualStudioVersion = 14.0.25420.1
MinimumVisualStudioVersion = 10.0.40219.1
Project("{FAE04EC0-301F-11D3-BF4B-00C04F79EFBC}") = "QuizDemo", "QuizDemo\QuizDemo.csproj", "{FDD0D818-E169-45FD-A408-FAAB80E34252}"
EndProject
Project("{CC5FD16D-436D-48AD-A40C-5A424C6E3E79}") = "QuizDemo.Azure", "QuizDemo.Azure\QuizDemo.Azure.ccproj", "{B2EB5F04-26EB-41D5-9890-4FF2475BF41A}"
EndProject
Global
	GlobalSection(SolutionConfigurationPlatforms) = preSolution
		Debug|Any CPU = Debug|Any CPU
		Release|Any CPU = Release|Any CPU
	EndGlobalSection
	GlobalSection(ProjectConfigurationPlatforms) = postSolution
		{FDD0D818-E169-45FD-A408-FAAB80E34252}.Debug|Any CPU.ActiveCfg = Debug|Any CPU
		{FDD0D818-E169-45FD-A408-FAAB80E34252}.Debug|Any CPU.Build.0 = Debug|Any CPU
		{FDD0D818-E169-45FD-A408-FAAB80E34252}.Release|Any CPU.ActiveCfg = Release|Any CPU
		{FDD0D818-E169-45FD-A408-FAAB80E34252}.Release|Any CPU.Build.0 = Release|Any CPU
		{B2EB5F04-26EB-41D5-9890-4FF2475BF41A}.Debug|Any CPU.ActiveCfg = Debug|Any CPU
		{B2EB5F04-26EB-41D5-9890-4FF2475BF41A}.Debug|Any CPU.Build.0 = Debug|Any CPU
		{B2EB5F04-26EB-41D5-9890-4FF2475BF41A}.Release|Any CPU.ActiveCfg = Release|Any CPU
		{B2EB5F04-26EB-41D5-9890-4FF2475BF41A}.Release|Any CPU.Build.0 = Release|Any CPU
	EndGlobalSection
	GlobalSection(SolutionProperties) = preSolution
		HideSolutionNode = FALSE
	EndGlobalSection
EndGlobal
